
Microsoft Visual Studio Solution File, Format Version 12.00
# Visual Studio Version 17
VisualStudioVersion = 17.11.35222.181
MinimumVisualStudioVersion = 10.0.40219.1
Project("{FAE04EC0-301F-11D3-BF4B-00C04F79EFBC}") = "This.team", "This.team.csproj", "{F5CA1A60-1C7D-401C-BFC5-C8B7609BBE44}"
EndProject
Global
	GlobalSection(SolutionConfigurationPlatforms) = preSolution
		Debug|Any CPU = Debug|Any CPU
		Release|Any CPU = Release|Any CPU
	EndGlobalSection
	GlobalSection(ProjectConfigurationPlatforms) = postSolution
		{F5CA1A60-1C7D-401C-BFC5-C8B7609BBE44}.Debug|Any CPU.ActiveCfg = Debug|Any CPU
		{F5CA1A60-1C7D-401C-BFC5-C8B7609BBE44}.Debug|Any CPU.Build.0 = Debug|Any CPU
		{F5CA1A60-1C7D-401C-BFC5-C8B7609BBE44}.Release|Any CPU.ActiveCfg = Release|Any CPU
		{F5CA1A60-1C7D-401C-BFC5-C8B7609BBE44}.Release|Any CPU.Build.0 = Release|Any CPU
	EndGlobalSection
	GlobalSection(SolutionProperties) = preSolution
		HideSolutionNode = FALSE
	EndGlobalSection
	GlobalSection(ExtensibilityGlobals) = postSolution
		SolutionGuid = {2EEF5725-A952-4AE1-B257-7AFAD9A637E5}
	EndGlobalSection
EndGlobal
